
Microsoft Visual Studio Solution File, Format Version 12.00
# Visual Studio Version 16
VisualStudioVersion = 16.0.30011.22
MinimumVisualStudioVersion = 10.0.40219.1
Project("{FAE04EC0-301F-11D3-BF4B-00C04F79EFBC}") = "PersonelTakipUi", "PersonelTakipUi\PersonelTakipUi.csproj", "{B5054DEA-1005-49F0-9182-3A63E047AC60}"
EndProject
Global
	GlobalSection(SolutionConfigurationPlatforms) = preSolution
		Debug|Any CPU = Debug|Any CPU
		Release|Any CPU = Release|Any CPU
	EndGlobalSection
	GlobalSection(ProjectConfigurationPlatforms) = postSolution
		{B5054DEA-1005-49F0-9182-3A63E047AC60}.Debug|Any CPU.ActiveCfg = Debug|Any CPU
		{B5054DEA-1005-49F0-9182-3A63E047AC60}.Debug|Any CPU.Build.0 = Debug|Any CPU
		{B5054DEA-1005-49F0-9182-3A63E047AC60}.Release|Any CPU.ActiveCfg = Release|Any CPU
		{B5054DEA-1005-49F0-9182-3A63E047AC60}.Release|Any CPU.Build.0 = Release|Any CPU
	EndGlobalSection
	GlobalSection(SolutionProperties) = preSolution
		HideSolutionNode = FALSE
	EndGlobalSection
	GlobalSection(ExtensibilityGlobals) = postSolution
		SolutionGuid = {7621480A-8C1F-4990-8029-DA81F14BB68D}
	EndGlobalSection
EndGlobal
